// !$*UTF8*$!
{
	archiveVersion = 1;
	classes = {
	};
	objectVersion = 56;
	objects = {

/* Begin PBXBuildFile section */
		DB22EB0C2BDE8576004C5A37 /* TimeAttackView.swift in Sources */ = {isa = PBXBuildFile; fileRef = DB22EB0B2BDE8576004C5A37 /* TimeAttackView.swift */; };
		DB22EB0D2BDE8576004C5A37 /* TimeAttackView.swift in Sources */ = {isa = PBXBuildFile; fileRef = DB22EB0B2BDE8576004C5A37 /* TimeAttackView.swift */; };
		DB22EB0E2BDE8576004C5A37 /* TimeAttackView.swift in Sources */ = {isa = PBXBuildFile; fileRef = DB22EB0B2BDE8576004C5A37 /* TimeAttackView.swift */; };
		DB71A4892BD84BBD00AFCF9B /* WordMorphMadnessApp.swift in Sources */ = {isa = PBXBuildFile; fileRef = DB71A4882BD84BBD00AFCF9B /* WordMorphMadnessApp.swift */; };
		DB71A48B2BD84BBD00AFCF9B /* ContentView.swift in Sources */ = {isa = PBXBuildFile; fileRef = DB71A48A2BD84BBD00AFCF9B /* ContentView.swift */; };
		DB71A48D2BD84BBF00AFCF9B /* Assets.xcassets in Resources */ = {isa = PBXBuildFile; fileRef = DB71A48C2BD84BBF00AFCF9B /* Assets.xcassets */; };
		DB71A4902BD84BBF00AFCF9B /* Preview Assets.xcassets in Resources */ = {isa = PBXBuildFile; fileRef = DB71A48F2BD84BBF00AFCF9B /* Preview Assets.xcassets */; };
		DB71A49A2BD84BBF00AFCF9B /* WordMorphMadnessTests.swift in Sources */ = {isa = PBXBuildFile; fileRef = DB71A4992BD84BBF00AFCF9B /* WordMorphMadnessTests.swift */; };
		DB71A4A42BD84BBF00AFCF9B /* WordMorphMadnessUITests.swift in Sources */ = {isa = PBXBuildFile; fileRef = DB71A4A32BD84BBF00AFCF9B /* WordMorphMadnessUITests.swift */; };
		DB71A4A62BD84BBF00AFCF9B /* WordMorphMadnessUITestsLaunchTests.swift in Sources */ = {isa = PBXBuildFile; fileRef = DB71A4A52BD84BBF00AFCF9B /* WordMorphMadnessUITestsLaunchTests.swift */; };
		DB71A4B62BD84CE600AFCF9B /* SplashView.swift in Sources */ = {isa = PBXBuildFile; fileRef = DB71A4B52BD84CE600AFCF9B /* SplashView.swift */; };
		DB71A4DB2BD84F2700AFCF9B /* Assets.xcassets in Resources */ = {isa = PBXBuildFile; fileRef = DB71A48C2BD84BBF00AFCF9B /* Assets.xcassets */; };
		DB71A4DC2BD84F2800AFCF9B /* Assets.xcassets in Resources */ = {isa = PBXBuildFile; fileRef = DB71A48C2BD84BBF00AFCF9B /* Assets.xcassets */; };
		DB71A4DD2BD84FCD00AFCF9B /* SplashView.swift in Sources */ = {isa = PBXBuildFile; fileRef = DB71A4B52BD84CE600AFCF9B /* SplashView.swift */; };
		DB71A4DE2BD84FCD00AFCF9B /* SplashView.swift in Sources */ = {isa = PBXBuildFile; fileRef = DB71A4B52BD84CE600AFCF9B /* SplashView.swift */; };
		DB71A4EE2BD8528800AFCF9B /* ClassicView.swift in Sources */ = {isa = PBXBuildFile; fileRef = DB71A4ED2BD8528800AFCF9B /* ClassicView.swift */; };
		DB71A4EF2BD8528800AFCF9B /* ClassicView.swift in Sources */ = {isa = PBXBuildFile; fileRef = DB71A4ED2BD8528800AFCF9B /* ClassicView.swift */; };
		DB71A4F02BD8528800AFCF9B /* ClassicView.swift in Sources */ = {isa = PBXBuildFile; fileRef = DB71A4ED2BD8528800AFCF9B /* ClassicView.swift */; };
		DB71A4F62BD852A400AFCF9B /* ChallengeView.swift in Sources */ = {isa = PBXBuildFile; fileRef = DB71A4F52BD852A400AFCF9B /* ChallengeView.swift */; };
		DB71A4F72BD852A400AFCF9B /* ChallengeView.swift in Sources */ = {isa = PBXBuildFile; fileRef = DB71A4F52BD852A400AFCF9B /* ChallengeView.swift */; };
		DB71A4F82BD852A400AFCF9B /* ChallengeView.swift in Sources */ = {isa = PBXBuildFile; fileRef = DB71A4F52BD852A400AFCF9B /* ChallengeView.swift */; };
		DB71A4FA2BD852AE00AFCF9B /* EndlessView.swift in Sources */ = {isa = PBXBuildFile; fileRef = DB71A4F92BD852AE00AFCF9B /* EndlessView.swift */; };
		DB71A4FB2BD852AE00AFCF9B /* EndlessView.swift in Sources */ = {isa = PBXBuildFile; fileRef = DB71A4F92BD852AE00AFCF9B /* EndlessView.swift */; };
		DB71A4FC2BD852AE00AFCF9B /* EndlessView.swift in Sources */ = {isa = PBXBuildFile; fileRef = DB71A4F92BD852AE00AFCF9B /* EndlessView.swift */; };
		DB71A4FE2BD852BA00AFCF9B /* MultiplayerView.swift in Sources */ = {isa = PBXBuildFile; fileRef = DB71A4FD2BD852BA00AFCF9B /* MultiplayerView.swift */; };
		DB71A4FF2BD852BA00AFCF9B /* MultiplayerView.swift in Sources */ = {isa = PBXBuildFile; fileRef = DB71A4FD2BD852BA00AFCF9B /* MultiplayerView.swift */; };
		DB71A5002BD852BA00AFCF9B /* MultiplayerView.swift in Sources */ = {isa = PBXBuildFile; fileRef = DB71A4FD2BD852BA00AFCF9B /* MultiplayerView.swift */; };
		DB71A5022BD8538D00AFCF9B /* MainTabView.swift in Sources */ = {isa = PBXBuildFile; fileRef = DB71A5012BD8538C00AFCF9B /* MainTabView.swift */; };
		DB71A5032BD8538D00AFCF9B /* MainTabView.swift in Sources */ = {isa = PBXBuildFile; fileRef = DB71A5012BD8538C00AFCF9B /* MainTabView.swift */; };
		DB71A5042BD8538D00AFCF9B /* MainTabView.swift in Sources */ = {isa = PBXBuildFile; fileRef = DB71A5012BD8538C00AFCF9B /* MainTabView.swift */; };
		DB71A5072BD853BF00AFCF9B /* StoreView.swift in Sources */ = {isa = PBXBuildFile; fileRef = DB71A5062BD853BF00AFCF9B /* StoreView.swift */; };
		DB71A5082BD853BF00AFCF9B /* StoreView.swift in Sources */ = {isa = PBXBuildFile; fileRef = DB71A5062BD853BF00AFCF9B /* StoreView.swift */; };
		DB71A5092BD853BF00AFCF9B /* StoreView.swift in Sources */ = {isa = PBXBuildFile; fileRef = DB71A5062BD853BF00AFCF9B /* StoreView.swift */; };
		DB71A50B2BD853DD00AFCF9B /* ResultsView.swift in Sources */ = {isa = PBXBuildFile; fileRef = DB71A50A2BD853DD00AFCF9B /* ResultsView.swift */; };
		DB71A50C2BD853DD00AFCF9B /* ResultsView.swift in Sources */ = {isa = PBXBuildFile; fileRef = DB71A50A2BD853DD00AFCF9B /* ResultsView.swift */; };
		DB71A50D2BD853DD00AFCF9B /* ResultsView.swift in Sources */ = {isa = PBXBuildFile; fileRef = DB71A50A2BD853DD00AFCF9B /* ResultsView.swift */; };
		DB71A50F2BD853F700AFCF9B /* GameChoiceView.swift in Sources */ = {isa = PBXBuildFile; fileRef = DB71A50E2BD853F700AFCF9B /* GameChoiceView.swift */; };
		DB71A5102BD853F700AFCF9B /* GameChoiceView.swift in Sources */ = {isa = PBXBuildFile; fileRef = DB71A50E2BD853F700AFCF9B /* GameChoiceView.swift */; };
		DB71A5112BD853F700AFCF9B /* GameChoiceView.swift in Sources */ = {isa = PBXBuildFile; fileRef = DB71A50E2BD853F700AFCF9B /* GameChoiceView.swift */; };
		DB71A5132BD85A8000AFCF9B /* LetterBox.swift in Sources */ = {isa = PBXBuildFile; fileRef = DB71A5122BD85A8000AFCF9B /* LetterBox.swift */; };
		DB71A5142BD85A8000AFCF9B /* LetterBox.swift in Sources */ = {isa = PBXBuildFile; fileRef = DB71A5122BD85A8000AFCF9B /* LetterBox.swift */; };
		DB71A5152BD85A8000AFCF9B /* LetterBox.swift in Sources */ = {isa = PBXBuildFile; fileRef = DB71A5122BD85A8000AFCF9B /* LetterBox.swift */; };
		DB71A5192BD85C9F00AFCF9B /* Lovely Madness.otf in Resources */ = {isa = PBXBuildFile; fileRef = DB71A5182BD85C9F00AFCF9B /* Lovely Madness.otf */; };
		DB71A51A2BD85C9F00AFCF9B /* Lovely Madness.otf in Resources */ = {isa = PBXBuildFile; fileRef = DB71A5182BD85C9F00AFCF9B /* Lovely Madness.otf */; };
		DB71A51B2BD85C9F00AFCF9B /* Lovely Madness.otf in Resources */ = {isa = PBXBuildFile; fileRef = DB71A5182BD85C9F00AFCF9B /* Lovely Madness.otf */; };
		DB71A51D2BD85DEF00AFCF9B /* LetterBoxRowFunctional.swift in Sources */ = {isa = PBXBuildFile; fileRef = DB71A51C2BD85DEF00AFCF9B /* LetterBoxRowFunctional.swift */; };
		DB71A51E2BD85DEF00AFCF9B /* LetterBoxRowFunctional.swift in Sources */ = {isa = PBXBuildFile; fileRef = DB71A51C2BD85DEF00AFCF9B /* LetterBoxRowFunctional.swift */; };
		DB71A51F2BD85DEF00AFCF9B /* LetterBoxRowFunctional.swift in Sources */ = {isa = PBXBuildFile; fileRef = DB71A51C2BD85DEF00AFCF9B /* LetterBoxRowFunctional.swift */; };
		DB71A5252BD94E6000AFCF9B /* LetterBoxRow.swift in Sources */ = {isa = PBXBuildFile; fileRef = DB71A5242BD94E6000AFCF9B /* LetterBoxRow.swift */; };
		DB71A5262BD94E6000AFCF9B /* LetterBoxRow.swift in Sources */ = {isa = PBXBuildFile; fileRef = DB71A5242BD94E6000AFCF9B /* LetterBoxRow.swift */; };
		DB71A5272BD94E6000AFCF9B /* LetterBoxRow.swift in Sources */ = {isa = PBXBuildFile; fileRef = DB71A5242BD94E6000AFCF9B /* LetterBoxRow.swift */; };
		DB71A5292BD97C2900AFCF9B /* getNewWord.swift in Sources */ = {isa = PBXBuildFile; fileRef = DB71A5282BD97C2900AFCF9B /* getNewWord.swift */; };
		DB71A52A2BD97C2900AFCF9B /* getNewWord.swift in Sources */ = {isa = PBXBuildFile; fileRef = DB71A5282BD97C2900AFCF9B /* getNewWord.swift */; };
		DB71A52B2BD97C2900AFCF9B /* getNewWord.swift in Sources */ = {isa = PBXBuildFile; fileRef = DB71A5282BD97C2900AFCF9B /* getNewWord.swift */; };
/* End PBXBuildFile section */

/* Begin PBXContainerItemProxy section */
		DB71A4962BD84BBF00AFCF9B /* PBXContainerItemProxy */ = {
			isa = PBXContainerItemProxy;
			containerPortal = DB71A47D2BD84BBD00AFCF9B /* Project object */;
			proxyType = 1;
			remoteGlobalIDString = DB71A4842BD84BBD00AFCF9B;
			remoteInfo = WordMorphMadness;
		};
		DB71A4A02BD84BBF00AFCF9B /* PBXContainerItemProxy */ = {
			isa = PBXContainerItemProxy;
			containerPortal = DB71A47D2BD84BBD00AFCF9B /* Project object */;
			proxyType = 1;
			remoteGlobalIDString = DB71A4842BD84BBD00AFCF9B;
			remoteInfo = WordMorphMadness;
		};
/* End PBXContainerItemProxy section */

/* Begin PBXFileReference section */
		DB22EB0B2BDE8576004C5A37 /* TimeAttackView.swift */ = {isa = PBXFileReference; lastKnownFileType = sourcecode.swift; path = TimeAttackView.swift; sourceTree = "<group>"; };
		DB71A4852BD84BBD00AFCF9B /* WordMorphMadness.app */ = {isa = PBXFileReference; explicitFileType = wrapper.application; includeInIndex = 0; path = WordMorphMadness.app; sourceTree = BUILT_PRODUCTS_DIR; };
		DB71A4882BD84BBD00AFCF9B /* WordMorphMadnessApp.swift */ = {isa = PBXFileReference; lastKnownFileType = sourcecode.swift; path = WordMorphMadnessApp.swift; sourceTree = "<group>"; };
		DB71A48A2BD84BBD00AFCF9B /* ContentView.swift */ = {isa = PBXFileReference; lastKnownFileType = sourcecode.swift; path = ContentView.swift; sourceTree = "<group>"; };
		DB71A48C2BD84BBF00AFCF9B /* Assets.xcassets */ = {isa = PBXFileReference; lastKnownFileType = folder.assetcatalog; path = Assets.xcassets; sourceTree = "<group>"; };
		DB71A48F2BD84BBF00AFCF9B /* Preview Assets.xcassets */ = {isa = PBXFileReference; lastKnownFileType = folder.assetcatalog; path = "Preview Assets.xcassets"; sourceTree = "<group>"; };
		DB71A4952BD84BBF00AFCF9B /* WordMorphMadnessTests.xctest */ = {isa = PBXFileReference; explicitFileType = wrapper.cfbundle; includeInIndex = 0; path = WordMorphMadnessTests.xctest; sourceTree = BUILT_PRODUCTS_DIR; };
		DB71A4992BD84BBF00AFCF9B /* WordMorphMadnessTests.swift */ = {isa = PBXFileReference; lastKnownFileType = sourcecode.swift; path = WordMorphMadnessTests.swift; sourceTree = "<group>"; };
		DB71A49F2BD84BBF00AFCF9B /* WordMorphMadnessUITests.xctest */ = {isa = PBXFileReference; explicitFileType = wrapper.cfbundle; includeInIndex = 0; path = WordMorphMadnessUITests.xctest; sourceTree = BUILT_PRODUCTS_DIR; };
		DB71A4A32BD84BBF00AFCF9B /* WordMorphMadnessUITests.swift */ = {isa = PBXFileReference; lastKnownFileType = sourcecode.swift; path = WordMorphMadnessUITests.swift; sourceTree = "<group>"; };
		DB71A4A52BD84BBF00AFCF9B /* WordMorphMadnessUITestsLaunchTests.swift */ = {isa = PBXFileReference; lastKnownFileType = sourcecode.swift; path = WordMorphMadnessUITestsLaunchTests.swift; sourceTree = "<group>"; };
		DB71A4B52BD84CE600AFCF9B /* SplashView.swift */ = {isa = PBXFileReference; lastKnownFileType = sourcecode.swift; path = SplashView.swift; sourceTree = "<group>"; };
		DB71A4ED2BD8528800AFCF9B /* ClassicView.swift */ = {isa = PBXFileReference; lastKnownFileType = sourcecode.swift; path = ClassicView.swift; sourceTree = "<group>"; };
		DB71A4F52BD852A400AFCF9B /* ChallengeView.swift */ = {isa = PBXFileReference; lastKnownFileType = sourcecode.swift; path = ChallengeView.swift; sourceTree = "<group>"; };
		DB71A4F92BD852AE00AFCF9B /* EndlessView.swift */ = {isa = PBXFileReference; lastKnownFileType = sourcecode.swift; path = EndlessView.swift; sourceTree = "<group>"; };
		DB71A4FD2BD852BA00AFCF9B /* MultiplayerView.swift */ = {isa = PBXFileReference; lastKnownFileType = sourcecode.swift; path = MultiplayerView.swift; sourceTree = "<group>"; };
		DB71A5012BD8538C00AFCF9B /* MainTabView.swift */ = {isa = PBXFileReference; lastKnownFileType = sourcecode.swift; path = MainTabView.swift; sourceTree = "<group>"; };
		DB71A5062BD853BF00AFCF9B /* StoreView.swift */ = {isa = PBXFileReference; lastKnownFileType = sourcecode.swift; path = StoreView.swift; sourceTree = "<group>"; };
		DB71A50A2BD853DD00AFCF9B /* ResultsView.swift */ = {isa = PBXFileReference; lastKnownFileType = sourcecode.swift; path = ResultsView.swift; sourceTree = "<group>"; };
		DB71A50E2BD853F700AFCF9B /* GameChoiceView.swift */ = {isa = PBXFileReference; lastKnownFileType = sourcecode.swift; path = GameChoiceView.swift; sourceTree = "<group>"; };
		DB71A5122BD85A8000AFCF9B /* LetterBox.swift */ = {isa = PBXFileReference; lastKnownFileType = sourcecode.swift; path = LetterBox.swift; sourceTree = "<group>"; };
		DB71A5162BD85C8200AFCF9B /* Info.plist */ = {isa = PBXFileReference; lastKnownFileType = text.plist; path = Info.plist; sourceTree = "<group>"; };
		DB71A5182BD85C9F00AFCF9B /* Lovely Madness.otf */ = {isa = PBXFileReference; lastKnownFileType = file; name = "Lovely Madness.otf"; path = "../../../../../Downloads/Lovely Madness.otf"; sourceTree = "<group>"; };
		DB71A51C2BD85DEF00AFCF9B /* LetterBoxRowFunctional.swift */ = {isa = PBXFileReference; lastKnownFileType = sourcecode.swift; path = LetterBoxRowFunctional.swift; sourceTree = "<group>"; };
		DB71A5242BD94E6000AFCF9B /* LetterBoxRow.swift */ = {isa = PBXFileReference; lastKnownFileType = sourcecode.swift; path = LetterBoxRow.swift; sourceTree = "<group>"; };
		DB71A5282BD97C2900AFCF9B /* getNewWord.swift */ = {isa = PBXFileReference; lastKnownFileType = sourcecode.swift; path = getNewWord.swift; sourceTree = "<group>"; };
/* End PBXFileReference section */

/* Begin PBXFrameworksBuildPhase section */
		DB71A4822BD84BBD00AFCF9B /* Frameworks */ = {
			isa = PBXFrameworksBuildPhase;
			buildActionMask = 2147483647;
			files = (
			);
			runOnlyForDeploymentPostprocessing = 0;
		};
		DB71A4922BD84BBF00AFCF9B /* Frameworks */ = {
			isa = PBXFrameworksBuildPhase;
			buildActionMask = 2147483647;
			files = (
			);
			runOnlyForDeploymentPostprocessing = 0;
		};
		DB71A49C2BD84BBF00AFCF9B /* Frameworks */ = {
			isa = PBXFrameworksBuildPhase;
			buildActionMask = 2147483647;
			files = (
			);
			runOnlyForDeploymentPostprocessing = 0;
		};
/* End PBXFrameworksBuildPhase section */

/* Begin PBXGroup section */
		DB22EB0A2BDE8561004C5A37 /* Time Attack */ = {
			isa = PBXGroup;
			children = (
				DB22EB0B2BDE8576004C5A37 /* TimeAttackView.swift */,
			);
			path = "Time Attack";
			sourceTree = "<group>";
		};
		DB71A47C2BD84BBD00AFCF9B = {
			isa = PBXGroup;
			children = (
				DB71A4872BD84BBD00AFCF9B /* WordMorphMadness */,
				DB71A4982BD84BBF00AFCF9B /* WordMorphMadnessTests */,
				DB71A4A22BD84BBF00AFCF9B /* WordMorphMadnessUITests */,
				DB71A4862BD84BBD00AFCF9B /* Products */,
			);
			sourceTree = "<group>";
		};
		DB71A4862BD84BBD00AFCF9B /* Products */ = {
			isa = PBXGroup;
			children = (
				DB71A4852BD84BBD00AFCF9B /* WordMorphMadness.app */,
				DB71A4952BD84BBF00AFCF9B /* WordMorphMadnessTests.xctest */,
				DB71A49F2BD84BBF00AFCF9B /* WordMorphMadnessUITests.xctest */,
			);
			name = Products;
			sourceTree = "<group>";
		};
		DB71A4872BD84BBD00AFCF9B /* WordMorphMadness */ = {
			isa = PBXGroup;
			children = (
				DB71A5172BD85C8C00AFCF9B /* Fonts */,
				DB71A5162BD85C8200AFCF9B /* Info.plist */,
				DB71A4B22BD84C8000AFCF9B /* View */,
				DB71A4B32BD84C8400AFCF9B /* Model */,
				DB71A4B42BD84C9800AFCF9B /* View Model */,
				DB71A4882BD84BBD00AFCF9B /* WordMorphMadnessApp.swift */,
				DB71A48A2BD84BBD00AFCF9B /* ContentView.swift */,
				DB71A48C2BD84BBF00AFCF9B /* Assets.xcassets */,
				DB71A48E2BD84BBF00AFCF9B /* Preview Content */,
			);
			path = WordMorphMadness;
			sourceTree = "<group>";
		};
		DB71A48E2BD84BBF00AFCF9B /* Preview Content */ = {
			isa = PBXGroup;
			children = (
				DB71A48F2BD84BBF00AFCF9B /* Preview Assets.xcassets */,
			);
			path = "Preview Content";
			sourceTree = "<group>";
		};
		DB71A4982BD84BBF00AFCF9B /* WordMorphMadnessTests */ = {
			isa = PBXGroup;
			children = (
				DB71A4992BD84BBF00AFCF9B /* WordMorphMadnessTests.swift */,
			);
			path = WordMorphMadnessTests;
			sourceTree = "<group>";
		};
		DB71A4A22BD84BBF00AFCF9B /* WordMorphMadnessUITests */ = {
			isa = PBXGroup;
			children = (
				DB71A4A32BD84BBF00AFCF9B /* WordMorphMadnessUITests.swift */,
				DB71A4A52BD84BBF00AFCF9B /* WordMorphMadnessUITestsLaunchTests.swift */,
			);
			path = WordMorphMadnessUITests;
			sourceTree = "<group>";
		};
		DB71A4B22BD84C8000AFCF9B /* View */ = {
			isa = PBXGroup;
			children = (
				DB71A4B52BD84CE600AFCF9B /* SplashView.swift */,
				DB71A4EC2BD8527900AFCF9B /* Game Play Views */,
				DB71A5012BD8538C00AFCF9B /* MainTabView.swift */,
				DB71A5052BD853AA00AFCF9B /* TabViews */,
			);
			path = View;
			sourceTree = "<group>";
		};
		DB71A4B32BD84C8400AFCF9B /* Model */ = {
			isa = PBXGroup;
			children = (
				DB71A5282BD97C2900AFCF9B /* getNewWord.swift */,
			);
			path = Model;
			sourceTree = "<group>";
		};
		DB71A4B42BD84C9800AFCF9B /* View Model */ = {
			isa = PBXGroup;
			children = (
				DB71A5122BD85A8000AFCF9B /* LetterBox.swift */,
				DB71A51C2BD85DEF00AFCF9B /* LetterBoxRowFunctional.swift */,
				DB71A5242BD94E6000AFCF9B /* LetterBoxRow.swift */,
			);
			path = "View Model";
			sourceTree = "<group>";
		};
		DB71A4EC2BD8527900AFCF9B /* Game Play Views */ = {
			isa = PBXGroup;
			children = (
				DB22EB0A2BDE8561004C5A37 /* Time Attack */,
				DB71A4ED2BD8528800AFCF9B /* ClassicView.swift */,
				DB71A4F52BD852A400AFCF9B /* ChallengeView.swift */,
				DB71A4F92BD852AE00AFCF9B /* EndlessView.swift */,
				DB71A4FD2BD852BA00AFCF9B /* MultiplayerView.swift */,
			);
			path = "Game Play Views";
			sourceTree = "<group>";
		};
		DB71A5052BD853AA00AFCF9B /* TabViews */ = {
			isa = PBXGroup;
			children = (
				DB71A5062BD853BF00AFCF9B /* StoreView.swift */,
				DB71A50A2BD853DD00AFCF9B /* ResultsView.swift */,
				DB71A50E2BD853F700AFCF9B /* GameChoiceView.swift */,
			);
			path = TabViews;
			sourceTree = "<group>";
		};
		DB71A5172BD85C8C00AFCF9B /* Fonts */ = {
			isa = PBXGroup;
			children = (
				DB71A5182BD85C9F00AFCF9B /* Lovely Madness.otf */,
			);
			path = Fonts;
			sourceTree = "<group>";
		};
/* End PBXGroup section */

/* Begin PBXNativeTarget section */
		DB71A4842BD84BBD00AFCF9B /* WordMorphMadness */ = {
			isa = PBXNativeTarget;
			buildConfigurationList = DB71A4A92BD84BBF00AFCF9B /* Build configuration list for PBXNativeTarget "WordMorphMadness" */;
			buildPhases = (
				DB71A4812BD84BBD00AFCF9B /* Sources */,
				DB71A4822BD84BBD00AFCF9B /* Frameworks */,
				DB71A4832BD84BBD00AFCF9B /* Resources */,
			);
			buildRules = (
			);
			dependencies = (
			);
			name = WordMorphMadness;
			productName = WordMorphMadness;
			productReference = DB71A4852BD84BBD00AFCF9B /* WordMorphMadness.app */;
			productType = "com.apple.product-type.application";
		};
		DB71A4942BD84BBF00AFCF9B /* WordMorphMadnessTests */ = {
			isa = PBXNativeTarget;
			buildConfigurationList = DB71A4AC2BD84BBF00AFCF9B /* Build configuration list for PBXNativeTarget "WordMorphMadnessTests" */;
			buildPhases = (
				DB71A4912BD84BBF00AFCF9B /* Sources */,
				DB71A4922BD84BBF00AFCF9B /* Frameworks */,
				DB71A4932BD84BBF00AFCF9B /* Resources */,
			);
			buildRules = (
			);
			dependencies = (
				DB71A4972BD84BBF00AFCF9B /* PBXTargetDependency */,
			);
			name = WordMorphMadnessTests;
			productName = WordMorphMadnessTests;
			productReference = DB71A4952BD84BBF00AFCF9B /* WordMorphMadnessTests.xctest */;
			productType = "com.apple.product-type.bundle.unit-test";
		};
		DB71A49E2BD84BBF00AFCF9B /* WordMorphMadnessUITests */ = {
			isa = PBXNativeTarget;
			buildConfigurationList = DB71A4AF2BD84BBF00AFCF9B /* Build configuration list for PBXNativeTarget "WordMorphMadnessUITests" */;
			buildPhases = (
				DB71A49B2BD84BBF00AFCF9B /* Sources */,
				DB71A49C2BD84BBF00AFCF9B /* Frameworks */,
				DB71A49D2BD84BBF00AFCF9B /* Resources */,
			);
			buildRules = (
			);
			dependencies = (
				DB71A4A12BD84BBF00AFCF9B /* PBXTargetDependency */,
			);
			name = WordMorphMadnessUITests;
			productName = WordMorphMadnessUITests;
			productReference = DB71A49F2BD84BBF00AFCF9B /* WordMorphMadnessUITests.xctest */;
			productType = "com.apple.product-type.bundle.ui-testing";
		};
/* End PBXNativeTarget section */

/* Begin PBXProject section */
		DB71A47D2BD84BBD00AFCF9B /* Project object */ = {
			isa = PBXProject;
			attributes = {
				BuildIndependentTargetsInParallel = 1;
				LastSwiftUpdateCheck = 1530;
				LastUpgradeCheck = 1530;
				TargetAttributes = {
					DB71A4842BD84BBD00AFCF9B = {
						CreatedOnToolsVersion = 15.3;
					};
					DB71A4942BD84BBF00AFCF9B = {
						CreatedOnToolsVersion = 15.3;
						TestTargetID = DB71A4842BD84BBD00AFCF9B;
					};
					DB71A49E2BD84BBF00AFCF9B = {
						CreatedOnToolsVersion = 15.3;
						TestTargetID = DB71A4842BD84BBD00AFCF9B;
					};
				};
			};
			buildConfigurationList = DB71A4802BD84BBD00AFCF9B /* Build configuration list for PBXProject "WordMorphMadness" */;
			compatibilityVersion = "Xcode 14.0";
			developmentRegion = en;
			hasScannedForEncodings = 0;
			knownRegions = (
				en,
				Base,
			);
			mainGroup = DB71A47C2BD84BBD00AFCF9B;
			productRefGroup = DB71A4862BD84BBD00AFCF9B /* Products */;
			projectDirPath = "";
			projectRoot = "";
			targets = (
				DB71A4842BD84BBD00AFCF9B /* WordMorphMadness */,
				DB71A4942BD84BBF00AFCF9B /* WordMorphMadnessTests */,
				DB71A49E2BD84BBF00AFCF9B /* WordMorphMadnessUITests */,
			);
		};
/* End PBXProject section */

/* Begin PBXResourcesBuildPhase section */
		DB71A4832BD84BBD00AFCF9B /* Resources */ = {
			isa = PBXResourcesBuildPhase;
			buildActionMask = 2147483647;
			files = (
				DB71A4902BD84BBF00AFCF9B /* Preview Assets.xcassets in Resources */,
				DB71A5192BD85C9F00AFCF9B /* Lovely Madness.otf in Resources */,
				DB71A48D2BD84BBF00AFCF9B /* Assets.xcassets in Resources */,
			);
			runOnlyForDeploymentPostprocessing = 0;
		};
		DB71A4932BD84BBF00AFCF9B /* Resources */ = {
			isa = PBXResourcesBuildPhase;
			buildActionMask = 2147483647;
			files = (
				DB71A4DB2BD84F2700AFCF9B /* Assets.xcassets in Resources */,
				DB71A51A2BD85C9F00AFCF9B /* Lovely Madness.otf in Resources */,
			);
			runOnlyForDeploymentPostprocessing = 0;
		};
		DB71A49D2BD84BBF00AFCF9B /* Resources */ = {
			isa = PBXResourcesBuildPhase;
			buildActionMask = 2147483647;
			files = (
				DB71A4DC2BD84F2800AFCF9B /* Assets.xcassets in Resources */,
				DB71A51B2BD85C9F00AFCF9B /* Lovely Madness.otf in Resources */,
			);
			runOnlyForDeploymentPostprocessing = 0;
		};
/* End PBXResourcesBuildPhase section */

/* Begin PBXSourcesBuildPhase section */
		DB71A4812BD84BBD00AFCF9B /* Sources */ = {
			isa = PBXSourcesBuildPhase;
			buildActionMask = 2147483647;
			files = (
				DB71A4EE2BD8528800AFCF9B /* ClassicView.swift in Sources */,
				DB22EB0C2BDE8576004C5A37 /* TimeAttackView.swift in Sources */,
				DB71A5292BD97C2900AFCF9B /* getNewWord.swift in Sources */,
				DB71A5022BD8538D00AFCF9B /* MainTabView.swift in Sources */,
				DB71A5132BD85A8000AFCF9B /* LetterBox.swift in Sources */,
				DB71A48B2BD84BBD00AFCF9B /* ContentView.swift in Sources */,
				DB71A4F62BD852A400AFCF9B /* ChallengeView.swift in Sources */,
				DB71A50B2BD853DD00AFCF9B /* ResultsView.swift in Sources */,
				DB71A5252BD94E6000AFCF9B /* LetterBoxRow.swift in Sources */,
				DB71A4FE2BD852BA00AFCF9B /* MultiplayerView.swift in Sources */,
				DB71A51D2BD85DEF00AFCF9B /* LetterBoxRowFunctional.swift in Sources */,
				DB71A4FA2BD852AE00AFCF9B /* EndlessView.swift in Sources */,
				DB71A4892BD84BBD00AFCF9B /* WordMorphMadnessApp.swift in Sources */,
				DB71A5072BD853BF00AFCF9B /* StoreView.swift in Sources */,
				DB71A4B62BD84CE600AFCF9B /* SplashView.swift in Sources */,
				DB71A50F2BD853F700AFCF9B /* GameChoiceView.swift in Sources */,
			);
			runOnlyForDeploymentPostprocessing = 0;
		};
		DB71A4912BD84BBF00AFCF9B /* Sources */ = {
			isa = PBXSourcesBuildPhase;
			buildActionMask = 2147483647;
			files = (
				DB71A51E2BD85DEF00AFCF9B /* LetterBoxRowFunctional.swift in Sources */,
				DB71A4FB2BD852AE00AFCF9B /* EndlessView.swift in Sources */,
				DB71A4DD2BD84FCD00AFCF9B /* SplashView.swift in Sources */,
				DB71A4EF2BD8528800AFCF9B /* ClassicView.swift in Sources */,
				DB22EB0D2BDE8576004C5A37 /* TimeAttackView.swift in Sources */,
				DB71A52A2BD97C2900AFCF9B /* getNewWord.swift in Sources */,
				DB71A50C2BD853DD00AFCF9B /* ResultsView.swift in Sources */,
				DB71A5102BD853F700AFCF9B /* GameChoiceView.swift in Sources */,
				DB71A5032BD8538D00AFCF9B /* MainTabView.swift in Sources */,
				DB71A4FF2BD852BA00AFCF9B /* MultiplayerView.swift in Sources */,
				DB71A5262BD94E6000AFCF9B /* LetterBoxRow.swift in Sources */,
				DB71A4F72BD852A400AFCF9B /* ChallengeView.swift in Sources */,
				DB71A49A2BD84BBF00AFCF9B /* WordMorphMadnessTests.swift in Sources */,
				DB71A5082BD853BF00AFCF9B /* StoreView.swift in Sources */,
				DB71A5142BD85A8000AFCF9B /* LetterBox.swift in Sources */,
			);
			runOnlyForDeploymentPostprocessing = 0;
		};
		DB71A49B2BD84BBF00AFCF9B /* Sources */ = {
			isa = PBXSourcesBuildPhase;
			buildActionMask = 2147483647;
			files = (
				DB71A4F02BD8528800AFCF9B /* ClassicView.swift in Sources */,
				DB22EB0E2BDE8576004C5A37 /* TimeAttackView.swift in Sources */,
				DB71A52B2BD97C2900AFCF9B /* getNewWord.swift in Sources */,
				DB71A5042BD8538D00AFCF9B /* MainTabView.swift in Sources */,
				DB71A5152BD85A8000AFCF9B /* LetterBox.swift in Sources */,
				DB71A4DE2BD84FCD00AFCF9B /* SplashView.swift in Sources */,
				DB71A4F82BD852A400AFCF9B /* ChallengeView.swift in Sources */,
				DB71A50D2BD853DD00AFCF9B /* ResultsView.swift in Sources */,
				DB71A5272BD94E6000AFCF9B /* LetterBoxRow.swift in Sources */,
				DB71A5002BD852BA00AFCF9B /* MultiplayerView.swift in Sources */,
				DB71A51F2BD85DEF00AFCF9B /* LetterBoxRowFunctional.swift in Sources */,
				DB71A4FC2BD852AE00AFCF9B /* EndlessView.swift in Sources */,
				DB71A4A42BD84BBF00AFCF9B /* WordMorphMadnessUITests.swift in Sources */,
				DB71A5092BD853BF00AFCF9B /* StoreView.swift in Sources */,
				DB71A4A62BD84BBF00AFCF9B /* WordMorphMadnessUITestsLaunchTests.swift in Sources */,
				DB71A5112BD853F700AFCF9B /* GameChoiceView.swift in Sources */,
			);
			runOnlyForDeploymentPostprocessing = 0;
		};
/* End PBXSourcesBuildPhase section */

/* Begin PBXTargetDependency section */
		DB71A4972BD84BBF00AFCF9B /* PBXTargetDependency */ = {
			isa = PBXTargetDependency;
			target = DB71A4842BD84BBD00AFCF9B /* WordMorphMadness */;
			targetProxy = DB71A4962BD84BBF00AFCF9B /* PBXContainerItemProxy */;
		};
		DB71A4A12BD84BBF00AFCF9B /* PBXTargetDependency */ = {
			isa = PBXTargetDependency;
			target = DB71A4842BD84BBD00AFCF9B /* WordMorphMadness */;
			targetProxy = DB71A4A02BD84BBF00AFCF9B /* PBXContainerItemProxy */;
		};
/* End PBXTargetDependency section */

/* Begin XCBuildConfiguration section */
		DB71A4A72BD84BBF00AFCF9B /* Debug */ = {
			isa = XCBuildConfiguration;
			buildSettings = {
				ALWAYS_SEARCH_USER_PATHS = NO;
				ASSETCATALOG_COMPILER_GENERATE_SWIFT_ASSET_SYMBOL_EXTENSIONS = YES;
				CLANG_ANALYZER_NONNULL = YES;
				CLANG_ANALYZER_NUMBER_OBJECT_CONVERSION = YES_AGGRESSIVE;
				CLANG_CXX_LANGUAGE_STANDARD = "gnu++20";
				CLANG_ENABLE_MODULES = YES;
				CLANG_ENABLE_OBJC_ARC = YES;
				CLANG_ENABLE_OBJC_WEAK = YES;
				CLANG_WARN_BLOCK_CAPTURE_AUTORELEASING = YES;
				CLANG_WARN_BOOL_CONVERSION = YES;
				CLANG_WARN_COMMA = YES;
				CLANG_WARN_CONSTANT_CONVERSION = YES;
				CLANG_WARN_DEPRECATED_OBJC_IMPLEMENTATIONS = YES;
				CLANG_WARN_DIRECT_OBJC_ISA_USAGE = YES_ERROR;
				CLANG_WARN_DOCUMENTATION_COMMENTS = YES;
				CLANG_WARN_EMPTY_BODY = YES;
				CLANG_WARN_ENUM_CONVERSION = YES;
				CLANG_WARN_INFINITE_RECURSION = YES;
				CLANG_WARN_INT_CONVERSION = YES;
				CLANG_WARN_NON_LITERAL_NULL_CONVERSION = YES;
				CLANG_WARN_OBJC_IMPLICIT_RETAIN_SELF = YES;
				CLANG_WARN_OBJC_LITERAL_CONVERSION = YES;
				CLANG_WARN_OBJC_ROOT_CLASS = YES_ERROR;
				CLANG_WARN_QUOTED_INCLUDE_IN_FRAMEWORK_HEADER = YES;
				CLANG_WARN_RANGE_LOOP_ANALYSIS = YES;
				CLANG_WARN_STRICT_PROTOTYPES = YES;
				CLANG_WARN_SUSPICIOUS_MOVE = YES;
				CLANG_WARN_UNGUARDED_AVAILABILITY = YES_AGGRESSIVE;
				CLANG_WARN_UNREACHABLE_CODE = YES;
				CLANG_WARN__DUPLICATE_METHOD_MATCH = YES;
				COPY_PHASE_STRIP = NO;
				DEBUG_INFORMATION_FORMAT = dwarf;
				ENABLE_STRICT_OBJC_MSGSEND = YES;
				ENABLE_TESTABILITY = YES;
				ENABLE_USER_SCRIPT_SANDBOXING = YES;
				GCC_C_LANGUAGE_STANDARD = gnu17;
				GCC_DYNAMIC_NO_PIC = NO;
				GCC_NO_COMMON_BLOCKS = YES;
				GCC_OPTIMIZATION_LEVEL = 0;
				GCC_PREPROCESSOR_DEFINITIONS = (
					"DEBUG=1",
					"$(inherited)",
				);
				GCC_WARN_64_TO_32_BIT_CONVERSION = YES;
				GCC_WARN_ABOUT_RETURN_TYPE = YES_ERROR;
				GCC_WARN_UNDECLARED_SELECTOR = YES;
				GCC_WARN_UNINITIALIZED_AUTOS = YES_AGGRESSIVE;
				GCC_WARN_UNUSED_FUNCTION = YES;
				GCC_WARN_UNUSED_VARIABLE = YES;
				IPHONEOS_DEPLOYMENT_TARGET = 17.4;
				LOCALIZATION_PREFERS_STRING_CATALOGS = YES;
				MTL_ENABLE_DEBUG_INFO = INCLUDE_SOURCE;
				MTL_FAST_MATH = YES;
				ONLY_ACTIVE_ARCH = YES;
				SDKROOT = iphoneos;
				SWIFT_ACTIVE_COMPILATION_CONDITIONS = "DEBUG $(inherited)";
				SWIFT_OPTIMIZATION_LEVEL = "-Onone";
			};
			name = Debug;
		};
		DB71A4A82BD84BBF00AFCF9B /* Release */ = {
			isa = XCBuildConfiguration;
			buildSettings = {
				ALWAYS_SEARCH_USER_PATHS = NO;
				ASSETCATALOG_COMPILER_GENERATE_SWIFT_ASSET_SYMBOL_EXTENSIONS = YES;
				CLANG_ANALYZER_NONNULL = YES;
				CLANG_ANALYZER_NUMBER_OBJECT_CONVERSION = YES_AGGRESSIVE;
				CLANG_CXX_LANGUAGE_STANDARD = "gnu++20";
				CLANG_ENABLE_MODULES = YES;
				CLANG_ENABLE_OBJC_ARC = YES;
				CLANG_ENABLE_OBJC_WEAK = YES;
				CLANG_WARN_BLOCK_CAPTURE_AUTORELEASING = YES;
				CLANG_WARN_BOOL_CONVERSION = YES;
				CLANG_WARN_COMMA = YES;
				CLANG_WARN_CONSTANT_CONVERSION = YES;
				CLANG_WARN_DEPRECATED_OBJC_IMPLEMENTATIONS = YES;
				CLANG_WARN_DIRECT_OBJC_ISA_USAGE = YES_ERROR;
				CLANG_WARN_DOCUMENTATION_COMMENTS = YES;
				CLANG_WARN_EMPTY_BODY = YES;
				CLANG_WARN_ENUM_CONVERSION = YES;
				CLANG_WARN_INFINITE_RECURSION = YES;
				CLANG_WARN_INT_CONVERSION = YES;
				CLANG_WARN_NON_LITERAL_NULL_CONVERSION = YES;
				CLANG_WARN_OBJC_IMPLICIT_RETAIN_SELF = YES;
				CLANG_WARN_OBJC_LITERAL_CONVERSION = YES;
				CLANG_WARN_OBJC_ROOT_CLASS = YES_ERROR;
				CLANG_WARN_QUOTED_INCLUDE_IN_FRAMEWORK_HEADER = YES;
				CLANG_WARN_RANGE_LOOP_ANALYSIS = YES;
				CLANG_WARN_STRICT_PROTOTYPES = YES;
				CLANG_WARN_SUSPICIOUS_MOVE = YES;
				CLANG_WARN_UNGUARDED_AVAILABILITY = YES_AGGRESSIVE;
				CLANG_WARN_UNREACHABLE_CODE = YES;
				CLANG_WARN__DUPLICATE_METHOD_MATCH = YES;
				COPY_PHASE_STRIP = NO;
				DEBUG_INFORMATION_FORMAT = "dwarf-with-dsym";
				ENABLE_NS_ASSERTIONS = NO;
				ENABLE_STRICT_OBJC_MSGSEND = YES;
				ENABLE_USER_SCRIPT_SANDBOXING = YES;
				GCC_C_LANGUAGE_STANDARD = gnu17;
				GCC_NO_COMMON_BLOCKS = YES;
				GCC_WARN_64_TO_32_BIT_CONVERSION = YES;
				GCC_WARN_ABOUT_RETURN_TYPE = YES_ERROR;
				GCC_WARN_UNDECLARED_SELECTOR = YES;
				GCC_WARN_UNINITIALIZED_AUTOS = YES_AGGRESSIVE;
				GCC_WARN_UNUSED_FUNCTION = YES;
				GCC_WARN_UNUSED_VARIABLE = YES;
				IPHONEOS_DEPLOYMENT_TARGET = 17.4;
				LOCALIZATION_PREFERS_STRING_CATALOGS = YES;
				MTL_ENABLE_DEBUG_INFO = NO;
				MTL_FAST_MATH = YES;
				SDKROOT = iphoneos;
				SWIFT_COMPILATION_MODE = wholemodule;
				VALIDATE_PRODUCT = YES;
			};
			name = Release;
		};
		DB71A4AA2BD84BBF00AFCF9B /* Debug */ = {
			isa = XCBuildConfiguration;
			buildSettings = {
				ASSETCATALOG_COMPILER_APPICON_NAME = AppIcon;
				ASSETCATALOG_COMPILER_GLOBAL_ACCENT_COLOR_NAME = AccentColor;
				CODE_SIGN_STYLE = Automatic;
				CURRENT_PROJECT_VERSION = 1;
				DEVELOPMENT_ASSET_PATHS = "\"WordMorphMadness/Preview Content\"";
				DEVELOPMENT_TEAM = MYKC8885L9;
				ENABLE_PREVIEWS = YES;
				GENERATE_INFOPLIST_FILE = YES;
				INFOPLIST_FILE = WordMorphMadness/Info.plist;
				INFOPLIST_KEY_UIApplicationSceneManifest_Generation = YES;
				INFOPLIST_KEY_UIApplicationSupportsIndirectInputEvents = YES;
				INFOPLIST_KEY_UILaunchScreen_Generation = YES;
				INFOPLIST_KEY_UISupportedInterfaceOrientations = "UIInterfaceOrientationPortrait UIInterfaceOrientationPortraitUpsideDown";
				INFOPLIST_KEY_UISupportedInterfaceOrientations_iPad = "UIInterfaceOrientationLandscapeLeft UIInterfaceOrientationLandscapeRight UIInterfaceOrientationPortrait UIInterfaceOrientationPortraitUpsideDown";
				INFOPLIST_KEY_UIUserInterfaceStyle = Light;
				LD_RUNPATH_SEARCH_PATHS = (
					"$(inherited)",
					"@executable_path/Frameworks",
				);
				MARKETING_VERSION = 1.0;
				PRODUCT_BUNDLE_IDENTIFIER = Jada.WordMorphMadness;
				PRODUCT_NAME = "$(TARGET_NAME)";
				SWIFT_EMIT_LOC_STRINGS = YES;
				SWIFT_VERSION = 5.0;
				TARGETED_DEVICE_FAMILY = "1,2";
			};
			name = Debug;
		};
		DB71A4AB2BD84BBF00AFCF9B /* Release */ = {
			isa = XCBuildConfiguration;
			buildSettings = {
				ASSETCATALOG_COMPILER_APPICON_NAME = AppIcon;
				ASSETCATALOG_COMPILER_GLOBAL_ACCENT_COLOR_NAME = AccentColor;
				CODE_SIGN_STYLE = Automatic;
				CURRENT_PROJECT_VERSION = 1;
				DEVELOPMENT_ASSET_PATHS = "\"WordMorphMadness/Preview Content\"";
				DEVELOPMENT_TEAM = MYKC8885L9;
				ENABLE_PREVIEWS = YES;
				GENERATE_INFOPLIST_FILE = YES;
				INFOPLIST_FILE = WordMorphMadness/Info.plist;
				INFOPLIST_KEY_UIApplicationSceneManifest_Generation = YES;
				INFOPLIST_KEY_UIApplicationSupportsIndirectInputEvents = YES;
				INFOPLIST_KEY_UILaunchScreen_Generation = YES;
				INFOPLIST_KEY_UISupportedInterfaceOrientations = "UIInterfaceOrientationPortrait UIInterfaceOrientationPortraitUpsideDown";
				INFOPLIST_KEY_UISupportedInterfaceOrientations_iPad = "UIInterfaceOrientationLandscapeLeft UIInterfaceOrientationLandscapeRight UIInterfaceOrientationPortrait UIInterfaceOrientationPortraitUpsideDown";
				INFOPLIST_KEY_UIUserInterfaceStyle = Light;
				LD_RUNPATH_SEARCH_PATHS = (
					"$(inherited)",
					"@executable_path/Frameworks",
				);
				MARKETING_VERSION = 1.0;
				PRODUCT_BUNDLE_IDENTIFIER = Jada.WordMorphMadness;
				PRODUCT_NAME = "$(TARGET_NAME)";
				SWIFT_EMIT_LOC_STRINGS = YES;
				SWIFT_VERSION = 5.0;
				TARGETED_DEVICE_FAMILY = "1,2";
			};
			name = Release;
		};
		DB71A4AD2BD84BBF00AFCF9B /* Debug */ = {
			isa = XCBuildConfiguration;
			buildSettings = {
				ALWAYS_EMBED_SWIFT_STANDARD_LIBRARIES = YES;
				BUNDLE_LOADER = "$(TEST_HOST)";
				CODE_SIGN_STYLE = Automatic;
				CURRENT_PROJECT_VERSION = 1;
				DEVELOPMENT_TEAM = MYKC8885L9;
				GENERATE_INFOPLIST_FILE = YES;
				IPHONEOS_DEPLOYMENT_TARGET = 17.4;
				MARKETING_VERSION = 1.0;
				PRODUCT_BUNDLE_IDENTIFIER = Jada.WordMorphMadnessTests;
				PRODUCT_NAME = "$(TARGET_NAME)";
				SWIFT_EMIT_LOC_STRINGS = NO;
				SWIFT_VERSION = 5.0;
				TARGETED_DEVICE_FAMILY = "1,2";
				TEST_HOST = "$(BUILT_PRODUCTS_DIR)/WordMorphMadness.app/$(BUNDLE_EXECUTABLE_FOLDER_PATH)/WordMorphMadness";
			};
			name = Debug;
		};
		DB71A4AE2BD84BBF00AFCF9B /* Release */ = {
			isa = XCBuildConfiguration;
			buildSettings = {
				ALWAYS_EMBED_SWIFT_STANDARD_LIBRARIES = YES;
				BUNDLE_LOADER = "$(TEST_HOST)";
				CODE_SIGN_STYLE = Automatic;
				CURRENT_PROJECT_VERSION = 1;
				DEVELOPMENT_TEAM = MYKC8885L9;
				GENERATE_INFOPLIST_FILE = YES;
				IPHONEOS_DEPLOYMENT_TARGET = 17.4;
				MARKETING_VERSION = 1.0;
				PRODUCT_BUNDLE_IDENTIFIER = Jada.WordMorphMadnessTests;
				PRODUCT_NAME = "$(TARGET_NAME)";
				SWIFT_EMIT_LOC_STRINGS = NO;
				SWIFT_VERSION = 5.0;
				TARGETED_DEVICE_FAMILY = "1,2";
				TEST_HOST = "$(BUILT_PRODUCTS_DIR)/WordMorphMadness.app/$(BUNDLE_EXECUTABLE_FOLDER_PATH)/WordMorphMadness";
			};
			name = Release;
		};
		DB71A4B02BD84BBF00AFCF9B /* Debug */ = {
			isa = XCBuildConfiguration;
			buildSettings = {
				ALWAYS_EMBED_SWIFT_STANDARD_LIBRARIES = YES;
				CODE_SIGN_STYLE = Automatic;
				CURRENT_PROJECT_VERSION = 1;
				DEVELOPMENT_TEAM = MYKC8885L9;
				GENERATE_INFOPLIST_FILE = YES;
				MARKETING_VERSION = 1.0;
				PRODUCT_BUNDLE_IDENTIFIER = Jada.WordMorphMadnessUITests;
				PRODUCT_NAME = "$(TARGET_NAME)";
				SWIFT_EMIT_LOC_STRINGS = NO;
				SWIFT_VERSION = 5.0;
				TARGETED_DEVICE_FAMILY = "1,2";
				TEST_TARGET_NAME = WordMorphMadness;
			};
			name = Debug;
		};
		DB71A4B12BD84BBF00AFCF9B /* Release */ = {
			isa = XCBuildConfiguration;
			buildSettings = {
				ALWAYS_EMBED_SWIFT_STANDARD_LIBRARIES = YES;
				CODE_SIGN_STYLE = Automatic;
				CURRENT_PROJECT_VERSION = 1;
				DEVELOPMENT_TEAM = MYKC8885L9;
				GENERATE_INFOPLIST_FILE = YES;
				MARKETING_VERSION = 1.0;
				PRODUCT_BUNDLE_IDENTIFIER = Jada.WordMorphMadnessUITests;
				PRODUCT_NAME = "$(TARGET_NAME)";
				SWIFT_EMIT_LOC_STRINGS = NO;
				SWIFT_VERSION = 5.0;
				TARGETED_DEVICE_FAMILY = "1,2";
				TEST_TARGET_NAME = WordMorphMadness;
			};
			name = Release;
		};
/* End XCBuildConfiguration section */

/* Begin XCConfigurationList section */
		DB71A4802BD84BBD00AFCF9B /* Build configuration list for PBXProject "WordMorphMadness" */ = {
			isa = XCConfigurationList;
			buildConfigurations = (
				DB71A4A72BD84BBF00AFCF9B /* Debug */,
				DB71A4A82BD84BBF00AFCF9B /* Release */,
			);
			defaultConfigurationIsVisible = 0;
			defaultConfigurationName = Release;
		};
		DB71A4A92BD84BBF00AFCF9B /* Build configuration list for PBXNativeTarget "WordMorphMadness" */ = {
			isa = XCConfigurationList;
			buildConfigurations = (
				DB71A4AA2BD84BBF00AFCF9B /* Debug */,
				DB71A4AB2BD84BBF00AFCF9B /* Release */,
			);
			defaultConfigurationIsVisible = 0;
			defaultConfigurationName = Release;
		};
		DB71A4AC2BD84BBF00AFCF9B /* Build configuration list for PBXNativeTarget "WordMorphMadnessTests" */ = {
			isa = XCConfigurationList;
			buildConfigurations = (
				DB71A4AD2BD84BBF00AFCF9B /* Debug */,
				DB71A4AE2BD84BBF00AFCF9B /* Release */,
			);
			defaultConfigurationIsVisible = 0;
			defaultConfigurationName = Release;
		};
		DB71A4AF2BD84BBF00AFCF9B /* Build configuration list for PBXNativeTarget "WordMorphMadnessUITests" */ = {
			isa = XCConfigurationList;
			buildConfigurations = (
				DB71A4B02BD84BBF00AFCF9B /* Debug */,
				DB71A4B12BD84BBF00AFCF9B /* Release */,
			);
			defaultConfigurationIsVisible = 0;
			defaultConfigurationName = Release;
		};
/* End XCConfigurationList section */
	};
	rootObject = DB71A47D2BD84BBD00AFCF9B /* Project object */;
}
